
Microsoft Visual Studio Solution File, Format Version 12.00
# Visual Studio Version 17
VisualStudioVersion = 17.14.36429.23
MinimumVisualStudioVersion = 10.0.40219.1
Project("{FAE04EC0-301F-11D3-BF4B-00C04F79EFBC}") = "PokerServer", "PokerServer\PokerServer.csproj", "{1BD7E1EA-5AB6-46C3-8591-87BC3893FEE5}"
EndProject
Project("{FAE04EC0-301F-11D3-BF4B-00C04F79EFBC}") = "Shared", "Shared\Shared.csproj", "{93066A0D-071E-48B4-848B-D63679FCE996}"
EndProject
Project("{FAE04EC0-301F-11D3-BF4B-00C04F79EFBC}") = "PokerClient", "PokerClient\PokerClient\PokerClient.csproj", "{62CFDCFC-B4EA-4191-82E0-11B35E92955D}"
EndProject
Project("{FAE04EC0-301F-11D3-BF4B-00C04F79EFBC}") = "PokerClient.Client", "PokerClient\PokerClient.Client\PokerClient.Client.csproj", "{E7D99CD8-6B14-4684-A8B7-0ABAB4838264}"
EndProject
Global
	GlobalSection(SolutionConfigurationPlatforms) = preSolution
		Debug|Any CPU = Debug|Any CPU
		Release|Any CPU = Release|Any CPU
	EndGlobalSection
	GlobalSection(ProjectConfigurationPlatforms) = postSolution
		{1BD7E1EA-5AB6-46C3-8591-87BC3893FEE5}.Debug|Any CPU.ActiveCfg = Debug|Any CPU
		{1BD7E1EA-5AB6-46C3-8591-87BC3893FEE5}.Debug|Any CPU.Build.0 = Debug|Any CPU
		{1BD7E1EA-5AB6-46C3-8591-87BC3893FEE5}.Release|Any CPU.ActiveCfg = Release|Any CPU
		{1BD7E1EA-5AB6-46C3-8591-87BC3893FEE5}.Release|Any CPU.Build.0 = Release|Any CPU
		{93066A0D-071E-48B4-848B-D63679FCE996}.Debug|Any CPU.ActiveCfg = Debug|Any CPU
		{93066A0D-071E-48B4-848B-D63679FCE996}.Debug|Any CPU.Build.0 = Debug|Any CPU
		{93066A0D-071E-48B4-848B-D63679FCE996}.Release|Any CPU.ActiveCfg = Release|Any CPU
		{93066A0D-071E-48B4-848B-D63679FCE996}.Release|Any CPU.Build.0 = Release|Any CPU
		{62CFDCFC-B4EA-4191-82E0-11B35E92955D}.Debug|Any CPU.ActiveCfg = Debug|Any CPU
		{62CFDCFC-B4EA-4191-82E0-11B35E92955D}.Debug|Any CPU.Build.0 = Debug|Any CPU
		{62CFDCFC-B4EA-4191-82E0-11B35E92955D}.Release|Any CPU.ActiveCfg = Release|Any CPU
		{62CFDCFC-B4EA-4191-82E0-11B35E92955D}.Release|Any CPU.Build.0 = Release|Any CPU
		{E7D99CD8-6B14-4684-A8B7-0ABAB4838264}.Debug|Any CPU.ActiveCfg = Debug|Any CPU
		{E7D99CD8-6B14-4684-A8B7-0ABAB4838264}.Debug|Any CPU.Build.0 = Debug|Any CPU
		{E7D99CD8-6B14-4684-A8B7-0ABAB4838264}.Release|Any CPU.ActiveCfg = Release|Any CPU
		{E7D99CD8-6B14-4684-A8B7-0ABAB4838264}.Release|Any CPU.Build.0 = Release|Any CPU
	EndGlobalSection
	GlobalSection(SolutionProperties) = preSolution
		HideSolutionNode = FALSE
	EndGlobalSection
	GlobalSection(ExtensibilityGlobals) = postSolution
		SolutionGuid = {A414C09E-31C5-4335-9926-338C1D3A39C0}
	EndGlobalSection
EndGlobal
